
Microsoft Visual Studio Solution File, Format Version 12.00
# Visual Studio Version 17
VisualStudioVersion = 17.3.32714.290
MinimumVisualStudioVersion = 10.0.40219.1
Project("{9A19103F-16F7-4668-BE54-9A1E7A4F7556}") = "TrackerLibrary", "TrackerLibrary\TrackerLibrary.csproj", "{AF6A8990-0678-4140-9AD1-8A03994682F9}"
EndProject
Project("{2150E333-8FDC-42A3-9474-1A3956D46DE8}") = "Solution Items", "Solution Items", "{87706C62-DA24-4575-A18E-276A07EFDCB4}"
	ProjectSection(SolutionItems) = preProject
		.editorconfig = .editorconfig
	EndProjectSection
EndProject
Project("{FAE04EC0-301F-11D3-BF4B-00C04F79EFBC}") = "TrackerFormsUI", "TrackerFormsUI\TrackerFormsUI.csproj", "{D638C44C-F78B-4DDC-917F-E8909B763F7A}"
EndProject
Global
	GlobalSection(SolutionConfigurationPlatforms) = preSolution
		Debug|Any CPU = Debug|Any CPU
		Release|Any CPU = Release|Any CPU
	EndGlobalSection
	GlobalSection(ProjectConfigurationPlatforms) = postSolution
		{AF6A8990-0678-4140-9AD1-8A03994682F9}.Debug|Any CPU.ActiveCfg = Debug|Any CPU
		{AF6A8990-0678-4140-9AD1-8A03994682F9}.Debug|Any CPU.Build.0 = Debug|Any CPU
		{AF6A8990-0678-4140-9AD1-8A03994682F9}.Release|Any CPU.ActiveCfg = Release|Any CPU
		{AF6A8990-0678-4140-9AD1-8A03994682F9}.Release|Any CPU.Build.0 = Release|Any CPU
		{D638C44C-F78B-4DDC-917F-E8909B763F7A}.Debug|Any CPU.ActiveCfg = Debug|Any CPU
		{D638C44C-F78B-4DDC-917F-E8909B763F7A}.Debug|Any CPU.Build.0 = Debug|Any CPU
		{D638C44C-F78B-4DDC-917F-E8909B763F7A}.Release|Any CPU.ActiveCfg = Release|Any CPU
		{D638C44C-F78B-4DDC-917F-E8909B763F7A}.Release|Any CPU.Build.0 = Release|Any CPU
	EndGlobalSection
	GlobalSection(SolutionProperties) = preSolution
		HideSolutionNode = FALSE
	EndGlobalSection
	GlobalSection(ExtensibilityGlobals) = postSolution
		SolutionGuid = {D7CCDEA6-AF62-4320-9C76-B4003404E39E}
	EndGlobalSection
EndGlobal
